
Microsoft Visual Studio Solution File, Format Version 12.00
# Visual Studio Version 17
VisualStudioVersion = 17.5.33516.290
MinimumVisualStudioVersion = 10.0.40219.1
Project("{00D1A9C2-B5F0-4AF3-8072-F6C62B433612}") = "AdventureWorksSample", "AdventureWorksSample\AdventureWorksSample.sqlproj", "{984D3B4A-0AC6-4C3E-A0E8-4DA084B68AD4}"
EndProject
Global
	GlobalSection(SolutionConfigurationPlatforms) = preSolution
		Debug|Any CPU = Debug|Any CPU
		Release|Any CPU = Release|Any CPU
	EndGlobalSection
	GlobalSection(ProjectConfigurationPlatforms) = postSolution
		{984D3B4A-0AC6-4C3E-A0E8-4DA084B68AD4}.Debug|Any CPU.ActiveCfg = Debug|Any CPU
		{984D3B4A-0AC6-4C3E-A0E8-4DA084B68AD4}.Debug|Any CPU.Build.0 = Debug|Any CPU
		{984D3B4A-0AC6-4C3E-A0E8-4DA084B68AD4}.Debug|Any CPU.Deploy.0 = Debug|Any CPU
		{984D3B4A-0AC6-4C3E-A0E8-4DA084B68AD4}.Release|Any CPU.ActiveCfg = Release|Any CPU
		{984D3B4A-0AC6-4C3E-A0E8-4DA084B68AD4}.Release|Any CPU.Build.0 = Release|Any CPU
		{984D3B4A-0AC6-4C3E-A0E8-4DA084B68AD4}.Release|Any CPU.Deploy.0 = Release|Any CPU
	EndGlobalSection
	GlobalSection(SolutionProperties) = preSolution
		HideSolutionNode = FALSE
	EndGlobalSection
	GlobalSection(ExtensibilityGlobals) = postSolution
		SolutionGuid = {4BD50B98-EC2E-41B9-8C64-194668F071EC}
	EndGlobalSection
EndGlobal
